// !$*UTF8*$!
{
	archiveVersion = 1;
	classes = {
	};
	objectVersion = 46;
	objects = {

/* Begin PBXBuildFile section */
		18F377C51D6DE728000E5F0C /* CirclePercentageView.framework in Frameworks */ = {isa = PBXBuildFile; fileRef = 18F377BB1D6DE728000E5F0C /* CirclePercentageView.framework */; };
		18F377CA1D6DE728000E5F0C /* CirclePercentageViewTests.swift in Sources */ = {isa = PBXBuildFile; fileRef = 18F377C91D6DE728000E5F0C /* CirclePercentageViewTests.swift */; };
		18F377CC1D6DE728000E5F0C /* CirclePercentageView.h in Headers */ = {isa = PBXBuildFile; fileRef = 18F377BE1D6DE728000E5F0C /* CirclePercentageView.h */; settings = {ATTRIBUTES = (Public, ); }; };
		18F377D61D6DE888000E5F0C /* CirclePercentageView.swift in Sources */ = {isa = PBXBuildFile; fileRef = 18F377D51D6DE888000E5F0C /* CirclePercentageView.swift */; };
/* End PBXBuildFile section */

/* Begin PBXContainerItemProxy section */
		18F377C61D6DE728000E5F0C /* PBXContainerItemProxy */ = {
			isa = PBXContainerItemProxy;
			containerPortal = 18F377B21D6DE727000E5F0C /* Project object */;
			proxyType = 1;
			remoteGlobalIDString = 18F377BA1D6DE727000E5F0C;
			remoteInfo = CirclePercentageView;
		};
/* End PBXContainerItemProxy section */

/* Begin PBXFileReference section */
		18F377BB1D6DE728000E5F0C /* CirclePercentageView.framework */ = {isa = PBXFileReference; explicitFileType = wrapper.framework; includeInIndex = 0; path = CirclePercentageView.framework; sourceTree = BUILT_PRODUCTS_DIR; };
		18F377BE1D6DE728000E5F0C /* CirclePercentageView.h */ = {isa = PBXFileReference; lastKnownFileType = sourcecode.c.h; path = CirclePercentageView.h; sourceTree = "<group>"; };
		18F377BF1D6DE728000E5F0C /* Info.plist */ = {isa = PBXFileReference; lastKnownFileType = text.plist.xml; path = Info.plist; sourceTree = "<group>"; };
		18F377C41D6DE728000E5F0C /* CirclePercentageViewTests.xctest */ = {isa = PBXFileReference; explicitFileType = wrapper.cfbundle; includeInIndex = 0; path = CirclePercentageViewTests.xctest; sourceTree = BUILT_PRODUCTS_DIR; };
		18F377C91D6DE728000E5F0C /* CirclePercentageViewTests.swift */ = {isa = PBXFileReference; lastKnownFileType = sourcecode.swift; path = CirclePercentageViewTests.swift; sourceTree = "<group>"; };
		18F377CB1D6DE728000E5F0C /* Info.plist */ = {isa = PBXFileReference; lastKnownFileType = text.plist.xml; path = Info.plist; sourceTree = "<group>"; };
		18F377D51D6DE888000E5F0C /* CirclePercentageView.swift */ = {isa = PBXFileReference; fileEncoding = 4; lastKnownFileType = sourcecode.swift; path = CirclePercentageView.swift; sourceTree = "<group>"; };
/* End PBXFileReference section */

/* Begin PBXFrameworksBuildPhase section */
		18F377B71D6DE727000E5F0C /* Frameworks */ = {
			isa = PBXFrameworksBuildPhase;
			buildActionMask = 2147483647;
			files = (
			);
			runOnlyForDeploymentPostprocessing = 0;
		};
		18F377C11D6DE728000E5F0C /* Frameworks */ = {
			isa = PBXFrameworksBuildPhase;
			buildActionMask = 2147483647;
			files = (
				18F377C51D6DE728000E5F0C /* CirclePercentageView.framework in Frameworks */,
			);
			runOnlyForDeploymentPostprocessing = 0;
		};
/* End PBXFrameworksBuildPhase section */

/* Begin PBXGroup section */
		18F377B11D6DE727000E5F0C = {
			isa = PBXGroup;
			children = (
				18F377BD1D6DE728000E5F0C /* CirclePercentageView */,
				18F377C81D6DE728000E5F0C /* CirclePercentageViewTests */,
				18F377BC1D6DE728000E5F0C /* Products */,
			);
			sourceTree = "<group>";
		};
		18F377BC1D6DE728000E5F0C /* Products */ = {
			isa = PBXGroup;
			children = (
				18F377BB1D6DE728000E5F0C /* CirclePercentageView.framework */,
				18F377C41D6DE728000E5F0C /* CirclePercentageViewTests.xctest */,
			);
			name = Products;
			sourceTree = "<group>";
		};
		18F377BD1D6DE728000E5F0C /* CirclePercentageView */ = {
			isa = PBXGroup;
			children = (
				18F377D51D6DE888000E5F0C /* CirclePercentageView.swift */,
				18F377BE1D6DE728000E5F0C /* CirclePercentageView.h */,
				18F377BF1D6DE728000E5F0C /* Info.plist */,
			);
			path = CirclePercentageView;
			sourceTree = "<group>";
		};
		18F377C81D6DE728000E5F0C /* CirclePercentageViewTests */ = {
			isa = PBXGroup;
			children = (
				18F377C91D6DE728000E5F0C /* CirclePercentageViewTests.swift */,
				18F377CB1D6DE728000E5F0C /* Info.plist */,
			);
			path = CirclePercentageViewTests;
			sourceTree = "<group>";
		};
/* End PBXGroup section */

/* Begin PBXHeadersBuildPhase section */
		18F377B81D6DE727000E5F0C /* Headers */ = {
			isa = PBXHeadersBuildPhase;
			buildActionMask = 2147483647;
			files = (
				18F377CC1D6DE728000E5F0C /* CirclePercentageView.h in Headers */,
			);
			runOnlyForDeploymentPostprocessing = 0;
		};
/* End PBXHeadersBuildPhase section */

/* Begin PBXNativeTarget section */
		18F377BA1D6DE727000E5F0C /* CirclePercentageView */ = {
			isa = PBXNativeTarget;
			buildConfigurationList = 18F377CF1D6DE728000E5F0C /* Build configuration list for PBXNativeTarget "CirclePercentageView" */;
			buildPhases = (
				18F377B61D6DE727000E5F0C /* Sources */,
				18F377B71D6DE727000E5F0C /* Frameworks */,
				18F377B81D6DE727000E5F0C /* Headers */,
				18F377B91D6DE727000E5F0C /* Resources */,
			);
			buildRules = (
			);
			dependencies = (
			);
			name = CirclePercentageView;
			productName = CirclePercentageView;
			productReference = 18F377BB1D6DE728000E5F0C /* CirclePercentageView.framework */;
			productType = "com.apple.product-type.framework";
		};
		18F377C31D6DE728000E5F0C /* CirclePercentageViewTests */ = {
			isa = PBXNativeTarget;
			buildConfigurationList = 18F377D21D6DE728000E5F0C /* Build configuration list for PBXNativeTarget "CirclePercentageViewTests" */;
			buildPhases = (
				18F377C01D6DE728000E5F0C /* Sources */,
				18F377C11D6DE728000E5F0C /* Frameworks */,
				18F377C21D6DE728000E5F0C /* Resources */,
			);
			buildRules = (
			);
			dependencies = (
				18F377C71D6DE728000E5F0C /* PBXTargetDependency */,
			);
			name = CirclePercentageViewTests;
			productName = CirclePercentageViewTests;
			productReference = 18F377C41D6DE728000E5F0C /* CirclePercentageViewTests.xctest */;
			productType = "com.apple.product-type.bundle.unit-test";
		};
/* End PBXNativeTarget section */

/* Begin PBXProject section */
		18F377B21D6DE727000E5F0C /* Project object */ = {
			isa = PBXProject;
			attributes = {
				LastSwiftUpdateCheck = 0800;
				LastUpgradeCheck = 0800;
				ORGANIZATIONNAME = CuiMingyu;
				TargetAttributes = {
					18F377BA1D6DE727000E5F0C = {
						CreatedOnToolsVersion = 8.0;
						LastSwiftMigration = 0800;
						ProvisioningStyle = Automatic;
					};
					18F377C31D6DE728000E5F0C = {
						CreatedOnToolsVersion = 8.0;
						ProvisioningStyle = Automatic;
					};
				};
			};
			buildConfigurationList = 18F377B51D6DE727000E5F0C /* Build configuration list for PBXProject "CirclePercentageView" */;
			compatibilityVersion = "Xcode 3.2";
			developmentRegion = English;
			hasScannedForEncodings = 0;
			knownRegions = (
				en,
			);
			mainGroup = 18F377B11D6DE727000E5F0C;
			productRefGroup = 18F377BC1D6DE728000E5F0C /* Products */;
			projectDirPath = "";
			projectRoot = "";
			targets = (
				18F377BA1D6DE727000E5F0C /* CirclePercentageView */,
				18F377C31D6DE728000E5F0C /* CirclePercentageViewTests */,
			);
		};
/* End PBXProject section */

/* Begin PBXResourcesBuildPhase section */
		18F377B91D6DE727000E5F0C /* Resources */ = {
			isa = PBXResourcesBuildPhase;
			buildActionMask = 2147483647;
			files = (
			);
			runOnlyForDeploymentPostprocessing = 0;
		};
		18F377C21D6DE728000E5F0C /* Resources */ = {
			isa = PBXResourcesBuildPhase;
			buildActionMask = 2147483647;
			files = (
			);
			runOnlyForDeploymentPostprocessing = 0;
		};
/* End PBXResourcesBuildPhase section */

/* Begin PBXSourcesBuildPhase section */
		18F377B61D6DE727000E5F0C /* Sources */ = {
			isa = PBXSourcesBuildPhase;
			buildActionMask = 2147483647;
			files = (
				18F377D61D6DE888000E5F0C /* CirclePercentageView.swift in Sources */,
			);
			runOnlyForDeploymentPostprocessing = 0;
		};
		18F377C01D6DE728000E5F0C /* Sources */ = {
			isa = PBXSourcesBuildPhase;
			buildActionMask = 2147483647;
			files = (
				18F377CA1D6DE728000E5F0C /* CirclePercentageViewTests.swift in Sources */,
			);
			runOnlyForDeploymentPostprocessing = 0;
		};
/* End PBXSourcesBuildPhase section */

/* Begin PBXTargetDependency section */
		18F377C71D6DE728000E5F0C /* PBXTargetDependency */ = {
			isa = PBXTargetDependency;
			target = 18F377BA1D6DE727000E5F0C /* CirclePercentageView */;
			targetProxy = 18F377C61D6DE728000E5F0C /* PBXContainerItemProxy */;
		};
/* End PBXTargetDependency section */

/* Begin XCBuildConfiguration section */
		18F377CD1D6DE728000E5F0C /* Debug */ = {
			isa = XCBuildConfiguration;
			buildSettings = {
				ALWAYS_SEARCH_USER_PATHS = NO;
				CLANG_ANALYZER_NONNULL = YES;
				CLANG_CXX_LANGUAGE_STANDARD = "gnu++0x";
				CLANG_CXX_LIBRARY = "libc++";
				CLANG_ENABLE_MODULES = YES;
				CLANG_ENABLE_OBJC_ARC = YES;
				CLANG_WARN_BOOL_CONVERSION = YES;
				CLANG_WARN_CONSTANT_CONVERSION = YES;
				CLANG_WARN_DIRECT_OBJC_ISA_USAGE = YES_ERROR;
				CLANG_WARN_DOCUMENTATION_COMMENTS = YES;
				CLANG_WARN_EMPTY_BODY = YES;
				CLANG_WARN_ENUM_CONVERSION = YES;
				CLANG_WARN_INFINITE_RECURSION = YES;
				CLANG_WARN_INT_CONVERSION = YES;
				CLANG_WARN_OBJC_ROOT_CLASS = YES_ERROR;
				CLANG_WARN_SUSPICIOUS_MOVES = YES;
				CLANG_WARN_UNREACHABLE_CODE = YES;
				CLANG_WARN__DUPLICATE_METHOD_MATCH = YES;
				"CODE_SIGN_IDENTITY[sdk=iphoneos*]" = "iPhone Developer";
				COPY_PHASE_STRIP = NO;
				CURRENT_PROJECT_VERSION = 1;
				DEBUG_INFORMATION_FORMAT = dwarf;
				ENABLE_STRICT_OBJC_MSGSEND = YES;
				ENABLE_TESTABILITY = YES;
				GCC_C_LANGUAGE_STANDARD = gnu99;
				GCC_DYNAMIC_NO_PIC = NO;
				GCC_NO_COMMON_BLOCKS = YES;
				GCC_OPTIMIZATION_LEVEL = 0;
				GCC_PREPROCESSOR_DEFINITIONS = (
					"DEBUG=1",
					"$(inherited)",
				);
				GCC_WARN_64_TO_32_BIT_CONVERSION = YES;
				GCC_WARN_ABOUT_RETURN_TYPE = YES_ERROR;
				GCC_WARN_UNDECLARED_SELECTOR = YES;
				GCC_WARN_UNINITIALIZED_AUTOS = YES_AGGRESSIVE;
				GCC_WARN_UNUSED_FUNCTION = YES;
				GCC_WARN_UNUSED_VARIABLE = YES;
				IPHONEOS_DEPLOYMENT_TARGET = 10.0;
				MTL_ENABLE_DEBUG_INFO = YES;
				ONLY_ACTIVE_ARCH = YES;
				SDKROOT = iphoneos;
				SWIFT_ACTIVE_COMPILATION_CONDITIONS = DEBUG;
				SWIFT_OPTIMIZATION_LEVEL = "-Onone";
				TARGETED_DEVICE_FAMILY = "1,2";
				VERSIONING_SYSTEM = "apple-generic";
				VERSION_INFO_PREFIX = "";
			};
			name = Debug;
		};
		18F377CE1D6DE728000E5F0C /* Release */ = {
			isa = XCBuildConfiguration;
			buildSettings = {
				ALWAYS_SEARCH_USER_PATHS = NO;
				CLANG_ANALYZER_NONNULL = YES;
				CLANG_CXX_LANGUAGE_STANDARD = "gnu++0x";
				CLANG_CXX_LIBRARY = "libc++";
				CLANG_ENABLE_MODULES = YES;
				CLANG_ENABLE_OBJC_ARC = YES;
				CLANG_WARN_BOOL_CONVERSION = YES;
				CLANG_WARN_CONSTANT_CONVERSION = YES;
				CLANG_WARN_DIRECT_OBJC_ISA_USAGE = YES_ERROR;
				CLANG_WARN_DOCUMENTATION_COMMENTS = YES;
				CLANG_WARN_EMPTY_BODY = YES;
				CLANG_WARN_ENUM_CONVERSION = YES;
				CLANG_WARN_INFINITE_RECURSION = YES;
				CLANG_WARN_INT_CONVERSION = YES;
				CLANG_WARN_OBJC_ROOT_CLASS = YES_ERROR;
				CLANG_WARN_SUSPICIOUS_MOVES = YES;
				CLANG_WARN_UNREACHABLE_CODE = YES;
				CLANG_WARN__DUPLICATE_METHOD_MATCH = YES;
				"CODE_SIGN_IDENTITY[sdk=iphoneos*]" = "iPhone Developer";
				COPY_PHASE_STRIP = NO;
				CURRENT_PROJECT_VERSION = 1;
				DEBUG_INFORMATION_FORMAT = "dwarf-with-dsym";
				ENABLE_NS_ASSERTIONS = NO;
				ENABLE_STRICT_OBJC_MSGSEND = YES;
				GCC_C_LANGUAGE_STANDARD = gnu99;
				GCC_NO_COMMON_BLOCKS = YES;
				GCC_WARN_64_TO_32_BIT_CONVERSION = YES;
				GCC_WARN_ABOUT_RETURN_TYPE = YES_ERROR;
				GCC_WARN_UNDECLARED_SELECTOR = YES;
				GCC_WARN_UNINITIALIZED_AUTOS = YES_AGGRESSIVE;
				GCC_WARN_UNUSED_FUNCTION = YES;
				GCC_WARN_UNUSED_VARIABLE = YES;
				IPHONEOS_DEPLOYMENT_TARGET = 10.0;
				MTL_ENABLE_DEBUG_INFO = NO;
				SDKROOT = iphoneos;
				SWIFT_OPTIMIZATION_LEVEL = "-Owholemodule";
				TARGETED_DEVICE_FAMILY = "1,2";
				VALIDATE_PRODUCT = YES;
				VERSIONING_SYSTEM = "apple-generic";
				VERSION_INFO_PREFIX = "";
			};
			name = Release;
		};
		18F377D01D6DE728000E5F0C /* Debug */ = {
			isa = XCBuildConfiguration;
			buildSettings = {
				CLANG_ENABLE_MODULES = YES;
				CODE_SIGN_IDENTITY = "";
				DEFINES_MODULE = YES;
				DYLIB_COMPATIBILITY_VERSION = 1;
				DYLIB_CURRENT_VERSION = 1;
				DYLIB_INSTALL_NAME_BASE = "@rpath";
				INFOPLIST_FILE = CirclePercentageView/Info.plist;
				INSTALL_PATH = "$(LOCAL_LIBRARY_DIR)/Frameworks";
				LD_RUNPATH_SEARCH_PATHS = "$(inherited) @executable_path/Frameworks @loader_path/Frameworks";
				PRODUCT_BUNDLE_IDENTIFIER = me.gnou.CirclePercentageView;
				PRODUCT_NAME = "$(TARGET_NAME)";
				SKIP_INSTALL = YES;
				SWIFT_OPTIMIZATION_LEVEL = "-Onone";
				SWIFT_VERSION = 3.0;
			};
			name = Debug;
		};
		18F377D11D6DE728000E5F0C /* Release */ = {
			isa = XCBuildConfiguration;
			buildSettings = {
				CLANG_ENABLE_MODULES = YES;
				CODE_SIGN_IDENTITY = "";
				DEFINES_MODULE = YES;
				DYLIB_COMPATIBILITY_VERSION = 1;
				DYLIB_CURRENT_VERSION = 1;
				DYLIB_INSTALL_NAME_BASE = "@rpath";
				INFOPLIST_FILE = CirclePercentageView/Info.plist;
				INSTALL_PATH = "$(LOCAL_LIBRARY_DIR)/Frameworks";
				LD_RUNPATH_SEARCH_PATHS = "$(inherited) @executable_path/Frameworks @loader_path/Frameworks";
				PRODUCT_BUNDLE_IDENTIFIER = me.gnou.CirclePercentageView;
				PRODUCT_NAME = "$(TARGET_NAME)";
				SKIP_INSTALL = YES;
				SWIFT_VERSION = 3.0;
			};
			name = Release;
		};
		18F377D31D6DE728000E5F0C /* Debug */ = {
			isa = XCBuildConfiguration;
			buildSettings = {
				INFOPLIST_FILE = CirclePercentageViewTests/Info.plist;
				LD_RUNPATH_SEARCH_PATHS = "$(inherited) @executable_path/Frameworks @loader_path/Frameworks";
				PRODUCT_BUNDLE_IDENTIFIER = me.gnou.CirclePercentageViewTests;
				PRODUCT_NAME = "$(TARGET_NAME)";
				SWIFT_VERSION = 3.0;
			};
			name = Debug;
		};
		18F377D41D6DE728000E5F0C /* Release */ = {
			isa = XCBuildConfiguration;
			buildSettings = {
				INFOPLIST_FILE = CirclePercentageViewTests/Info.plist;
				LD_RUNPATH_SEARCH_PATHS = "$(inherited) @executable_path/Frameworks @loader_path/Frameworks";
				PRODUCT_BUNDLE_IDENTIFIER = me.gnou.CirclePercentageViewTests;
				PRODUCT_NAME = "$(TARGET_NAME)";
				SWIFT_VERSION = 3.0;
			};
			name = Release;
		};
/* End XCBuildConfiguration section */

/* Begin XCConfigurationList section */
		18F377B51D6DE727000E5F0C /* Build configuration list for PBXProject "CirclePercentageView" */ = {
			isa = XCConfigurationList;
			buildConfigurations = (
				18F377CD1D6DE728000E5F0C /* Debug */,
				18F377CE1D6DE728000E5F0C /* Release */,
			);
			defaultConfigurationIsVisible = 0;
			defaultConfigurationName = Release;
		};
		18F377CF1D6DE728000E5F0C /* Build configuration list for PBXNativeTarget "CirclePercentageView" */ = {
			isa = XCConfigurationList;
			buildConfigurations = (
				18F377D01D6DE728000E5F0C /* Debug */,
				18F377D11D6DE728000E5F0C /* Release */,
			);
			defaultConfigurationIsVisible = 0;
		};
		18F377D21D6DE728000E5F0C /* Build configuration list for PBXNativeTarget "CirclePercentageViewTests" */ = {
			isa = XCConfigurationList;
			buildConfigurations = (
				18F377D31D6DE728000E5F0C /* Debug */,
				18F377D41D6DE728000E5F0C /* Release */,
			);
			defaultConfigurationIsVisible = 0;
		};
/* End XCConfigurationList section */
	};
	rootObject = 18F377B21D6DE727000E5F0C /* Project object */;
}
